// !$*UTF8*$!
{
	archiveVersion = 1;
	classes = {
	};
	objectVersion = 77;
	objects = {

/* Begin PBXBuildFile section */
		WIDGET004000000000000001 /* TodayRSSWidgetExtension.appex in Embed Foundation Extensions */ = {isa = PBXBuildFile; fileRef = WIDGET005000000000000001 /* TodayRSSWidgetExtension.appex */; settings = {ATTRIBUTES = (RemoveHeadersOnCopy, ); }; };
/* End PBXBuildFile section */

/* Begin PBXContainerItemProxy section */
		1191FA132E934A3B00738217 /* PBXContainerItemProxy */ = {
			isa = PBXContainerItemProxy;
			containerPortal = 1191F9FB2E934A3900738217 /* Project object */;
			proxyType = 1;
			remoteGlobalIDString = 1191FA022E934A3900738217;
			remoteInfo = VibeRSS_Test;
		};
		1191FA1D2E934A3B00738217 /* PBXContainerItemProxy */ = {
			isa = PBXContainerItemProxy;
			containerPortal = 1191F9FB2E934A3900738217 /* Project object */;
			proxyType = 1;
			remoteGlobalIDString = 1191FA022E934A3900738217;
			remoteInfo = VibeRSS_Test;
		};
		WIDGET001000000000000001 /* PBXContainerItemProxy */ = {
			isa = PBXContainerItemProxy;
			containerPortal = 1191F9FB2E934A3900738217 /* Project object */;
			proxyType = 1;
			remoteGlobalIDString = WIDGET002000000000000001;
			remoteInfo = TodayRSSWidgetExtension;
		};
/* End PBXContainerItemProxy section */

/* Begin PBXCopyFilesBuildPhase section */
		WIDGET003000000000000001 /* Embed Foundation Extensions */ = {
			isa = PBXCopyFilesBuildPhase;
			buildActionMask = 2147483647;
			dstPath = "";
			dstSubfolderSpec = 13;
			files = (
				WIDGET004000000000000001 /* TodayRSSWidgetExtension.appex in Embed Foundation Extensions */,
			);
			name = "Embed Foundation Extensions";
			runOnlyForDeploymentPostprocessing = 0;
		};
/* End PBXCopyFilesBuildPhase section */

/* Begin PBXFileReference section */
		1148D6D12EE38DB400557356 /* TodayRSSWidgetExtensionRelease.entitlements */ = {isa = PBXFileReference; lastKnownFileType = text.plist.entitlements; path = TodayRSSWidgetExtensionRelease.entitlements; sourceTree = "<group>"; };
		1191FA032E934A3900738217 /* VibeRSS_Test.app */ = {isa = PBXFileReference; explicitFileType = wrapper.application; includeInIndex = 0; path = VibeRSS_Test.app; sourceTree = BUILT_PRODUCTS_DIR; };
		1191FA122E934A3B00738217 /* VibeRSS_TestTests.xctest */ = {isa = PBXFileReference; explicitFileType = wrapper.cfbundle; includeInIndex = 0; path = VibeRSS_TestTests.xctest; sourceTree = BUILT_PRODUCTS_DIR; };
		1191FA1C2E934A3B00738217 /* VibeRSS_TestUITests.xctest */ = {isa = PBXFileReference; explicitFileType = wrapper.cfbundle; includeInIndex = 0; path = VibeRSS_TestUITests.xctest; sourceTree = BUILT_PRODUCTS_DIR; };
		WIDGET005000000000000001 /* TodayRSSWidgetExtension.appex */ = {isa = PBXFileReference; explicitFileType = "wrapper.app-extension"; includeInIndex = 0; path = TodayRSSWidgetExtension.appex; sourceTree = BUILT_PRODUCTS_DIR; };
/* End PBXFileReference section */

/* Begin PBXFileSystemSynchronizedBuildFileExceptionSet section */
		WIDGET00F000000000000001 /* Exceptions for "TodayRSSWidget" folder in "TodayRSSWidgetExtension" target */ = {
			isa = PBXFileSystemSynchronizedBuildFileExceptionSet;
			membershipExceptions = (
				Info.plist,
			);
			target = WIDGET002000000000000001 /* TodayRSSWidgetExtension */;
		};
/* End PBXFileSystemSynchronizedBuildFileExceptionSet section */

/* Begin PBXFileSystemSynchronizedRootGroup section */
		1191FA052E934A3900738217 /* VibeRSS_Test */ = {
			isa = PBXFileSystemSynchronizedRootGroup;
			path = VibeRSS_Test;
			sourceTree = "<group>";
		};
		WIDGET006000000000000001 /* TodayRSSWidget */ = {
			isa = PBXFileSystemSynchronizedRootGroup;
			exceptions = (
				WIDGET00F000000000000001 /* Exceptions for "TodayRSSWidget" folder in "TodayRSSWidgetExtension" target */,
			);
			path = TodayRSSWidget;
			sourceTree = "<group>";
		};
		WIDGET007000000000000001 /* Shared */ = {
			isa = PBXFileSystemSynchronizedRootGroup;
			path = Shared;
			sourceTree = "<group>";
		};
/* End PBXFileSystemSynchronizedRootGroup section */

/* Begin PBXFrameworksBuildPhase section */
		1191FA002E934A3900738217 /* Frameworks */ = {
			isa = PBXFrameworksBuildPhase;
			buildActionMask = 2147483647;
			files = (
			);
			runOnlyForDeploymentPostprocessing = 0;
		};
		1191FA0F2E934A3B00738217 /* Frameworks */ = {
			isa = PBXFrameworksBuildPhase;
			buildActionMask = 2147483647;
			files = (
			);
			runOnlyForDeploymentPostprocessing = 0;
		};
		1191FA192E934A3B00738217 /* Frameworks */ = {
			isa = PBXFrameworksBuildPhase;
			buildActionMask = 2147483647;
			files = (
			);
			runOnlyForDeploymentPostprocessing = 0;
		};
		WIDGET008000000000000001 /* Frameworks */ = {
			isa = PBXFrameworksBuildPhase;
			buildActionMask = 2147483647;
			files = (
			);
			runOnlyForDeploymentPostprocessing = 0;
		};
/* End PBXFrameworksBuildPhase section */

/* Begin PBXGroup section */
		1191F9FA2E934A3900738217 = {
			isa = PBXGroup;
			children = (
				1148D6D12EE38DB400557356 /* TodayRSSWidgetExtensionRelease.entitlements */,
				1191FA052E934A3900738217 /* VibeRSS_Test */,
				WIDGET007000000000000001 /* Shared */,
				WIDGET006000000000000001 /* TodayRSSWidget */,
				1191FA042E934A3900738217 /* Products */,
			);
			sourceTree = "<group>";
		};
		1191FA042E934A3900738217 /* Products */ = {
			isa = PBXGroup;
			children = (
				1191FA032E934A3900738217 /* VibeRSS_Test.app */,
				1191FA122E934A3B00738217 /* VibeRSS_TestTests.xctest */,
				1191FA1C2E934A3B00738217 /* VibeRSS_TestUITests.xctest */,
				WIDGET005000000000000001 /* TodayRSSWidgetExtension.appex */,
			);
			name = Products;
			sourceTree = "<group>";
		};
/* End PBXGroup section */

/* Begin PBXNativeTarget section */
		1191FA022E934A3900738217 /* VibeRSS_Test */ = {
			isa = PBXNativeTarget;
			buildConfigurationList = 1191FA262E934A3B00738217 /* Build configuration list for PBXNativeTarget "VibeRSS_Test" */;
			buildPhases = (
				1191F9FF2E934A3900738217 /* Sources */,
				1191FA002E934A3900738217 /* Frameworks */,
				1191FA012E934A3900738217 /* Resources */,
				WIDGET003000000000000001 /* Embed Foundation Extensions */,
			);
			buildRules = (
			);
			dependencies = (
				WIDGET009000000000000001 /* PBXTargetDependency */,
			);
			fileSystemSynchronizedGroups = (
				1191FA052E934A3900738217 /* VibeRSS_Test */,
				WIDGET007000000000000001 /* Shared */,
			);
			name = VibeRSS_Test;
			packageProductDependencies = (
			);
			productName = VibeRSS_Test;
			productReference = 1191FA032E934A3900738217 /* VibeRSS_Test.app */;
			productType = "com.apple.product-type.application";
		};
		1191FA112E934A3B00738217 /* VibeRSS_TestTests */ = {
			isa = PBXNativeTarget;
			buildConfigurationList = 1191FA292E934A3B00738217 /* Build configuration list for PBXNativeTarget "VibeRSS_TestTests" */;
			buildPhases = (
				1191FA0E2E934A3B00738217 /* Sources */,
				1191FA0F2E934A3B00738217 /* Frameworks */,
				1191FA102E934A3B00738217 /* Resources */,
			);
			buildRules = (
			);
			dependencies = (
				1191FA142E934A3B00738217 /* PBXTargetDependency */,
			);
			name = VibeRSS_TestTests;
			packageProductDependencies = (
			);
			productName = VibeRSS_TestTests;
			productReference = 1191FA122E934A3B00738217 /* VibeRSS_TestTests.xctest */;
			productType = "com.apple.product-type.bundle.unit-test";
		};
		1191FA1B2E934A3B00738217 /* VibeRSS_TestUITests */ = {
			isa = PBXNativeTarget;
			buildConfigurationList = 1191FA2C2E934A3B00738217 /* Build configuration list for PBXNativeTarget "VibeRSS_TestUITests" */;
			buildPhases = (
				1191FA182E934A3B00738217 /* Sources */,
				1191FA192E934A3B00738217 /* Frameworks */,
				1191FA1A2E934A3B00738217 /* Resources */,
			);
			buildRules = (
			);
			dependencies = (
				1191FA1E2E934A3B00738217 /* PBXTargetDependency */,
			);
			name = VibeRSS_TestUITests;
			packageProductDependencies = (
			);
			productName = VibeRSS_TestUITests;
			productReference = 1191FA1C2E934A3B00738217 /* VibeRSS_TestUITests.xctest */;
			productType = "com.apple.product-type.bundle.ui-testing";
		};
		WIDGET002000000000000001 /* TodayRSSWidgetExtension */ = {
			isa = PBXNativeTarget;
			buildConfigurationList = WIDGET00A000000000000001 /* Build configuration list for PBXNativeTarget "TodayRSSWidgetExtension" */;
			buildPhases = (
				WIDGET00B000000000000001 /* Sources */,
				WIDGET008000000000000001 /* Frameworks */,
				WIDGET00C000000000000001 /* Resources */,
			);
			buildRules = (
			);
			dependencies = (
			);
			fileSystemSynchronizedGroups = (
				WIDGET006000000000000001 /* TodayRSSWidget */,
				WIDGET007000000000000001 /* Shared */,
			);
			name = TodayRSSWidgetExtension;
			packageProductDependencies = (
			);
			productName = TodayRSSWidgetExtension;
			productReference = WIDGET005000000000000001 /* TodayRSSWidgetExtension.appex */;
			productType = "com.apple.product-type.app-extension";
		};
/* End PBXNativeTarget section */

/* Begin PBXProject section */
		1191F9FB2E934A3900738217 /* Project object */ = {
			isa = PBXProject;
			attributes = {
				BuildIndependentTargetsInParallel = 1;
				LastSwiftUpdateCheck = 2600;
				LastUpgradeCheck = 2600;
				TargetAttributes = {
					1191FA022E934A3900738217 = {
						CreatedOnToolsVersion = 26.0.1;
					};
					1191FA112E934A3B00738217 = {
						CreatedOnToolsVersion = 26.0.1;
						TestTargetID = 1191FA022E934A3900738217;
					};
					1191FA1B2E934A3B00738217 = {
						CreatedOnToolsVersion = 26.0.1;
						TestTargetID = 1191FA022E934A3900738217;
					};
				};
			};
			buildConfigurationList = 1191F9FE2E934A3900738217 /* Build configuration list for PBXProject "VibeRSS_Test" */;
			developmentRegion = en;
			hasScannedForEncodings = 0;
			knownRegions = (
				en,
				Base,
			);
			mainGroup = 1191F9FA2E934A3900738217;
			minimizedProjectReferenceProxies = 1;
			preferredProjectObjectVersion = 77;
			productRefGroup = 1191FA042E934A3900738217 /* Products */;
			projectDirPath = "";
			projectRoot = "";
			targets = (
				1191FA022E934A3900738217 /* VibeRSS_Test */,
				1191FA112E934A3B00738217 /* VibeRSS_TestTests */,
				1191FA1B2E934A3B00738217 /* VibeRSS_TestUITests */,
				WIDGET002000000000000001 /* TodayRSSWidgetExtension */,
			);
		};
/* End PBXProject section */

/* Begin PBXResourcesBuildPhase section */
		1191FA012E934A3900738217 /* Resources */ = {
			isa = PBXResourcesBuildPhase;
			buildActionMask = 2147483647;
			files = (
			);
			runOnlyForDeploymentPostprocessing = 0;
		};
		1191FA102E934A3B00738217 /* Resources */ = {
			isa = PBXResourcesBuildPhase;
			buildActionMask = 2147483647;
			files = (
			);
			runOnlyForDeploymentPostprocessing = 0;
		};
		1191FA1A2E934A3B00738217 /* Resources */ = {
			isa = PBXResourcesBuildPhase;
			buildActionMask = 2147483647;
			files = (
			);
			runOnlyForDeploymentPostprocessing = 0;
		};
		WIDGET00C000000000000001 /* Resources */ = {
			isa = PBXResourcesBuildPhase;
			buildActionMask = 2147483647;
			files = (
			);
			runOnlyForDeploymentPostprocessing = 0;
		};
/* End PBXResourcesBuildPhase section */

/* Begin PBXSourcesBuildPhase section */
		1191F9FF2E934A3900738217 /* Sources */ = {
			isa = PBXSourcesBuildPhase;
			buildActionMask = 2147483647;
			files = (
			);
			runOnlyForDeploymentPostprocessing = 0;
		};
		1191FA0E2E934A3B00738217 /* Sources */ = {
			isa = PBXSourcesBuildPhase;
			buildActionMask = 2147483647;
			files = (
			);
			runOnlyForDeploymentPostprocessing = 0;
		};
		1191FA182E934A3B00738217 /* Sources */ = {
			isa = PBXSourcesBuildPhase;
			buildActionMask = 2147483647;
			files = (
			);
			runOnlyForDeploymentPostprocessing = 0;
		};
		WIDGET00B000000000000001 /* Sources */ = {
			isa = PBXSourcesBuildPhase;
			buildActionMask = 2147483647;
			files = (
			);
			runOnlyForDeploymentPostprocessing = 0;
		};
/* End PBXSourcesBuildPhase section */

/* Begin PBXTargetDependency section */
		1191FA142E934A3B00738217 /* PBXTargetDependency */ = {
			isa = PBXTargetDependency;
			target = 1191FA022E934A3900738217 /* VibeRSS_Test */;
			targetProxy = 1191FA132E934A3B00738217 /* PBXContainerItemProxy */;
		};
		1191FA1E2E934A3B00738217 /* PBXTargetDependency */ = {
			isa = PBXTargetDependency;
			target = 1191FA022E934A3900738217 /* VibeRSS_Test */;
			targetProxy = 1191FA1D2E934A3B00738217 /* PBXContainerItemProxy */;
		};
		WIDGET009000000000000001 /* PBXTargetDependency */ = {
			isa = PBXTargetDependency;
			target = WIDGET002000000000000001 /* TodayRSSWidgetExtension */;
			targetProxy = WIDGET001000000000000001 /* PBXContainerItemProxy */;
		};
/* End PBXTargetDependency section */

/* Begin XCBuildConfiguration section */
		1191FA242E934A3B00738217 /* Debug */ = {
			isa = XCBuildConfiguration;
			buildSettings = {
				ALWAYS_SEARCH_USER_PATHS = NO;
				ASSETCATALOG_COMPILER_GENERATE_SWIFT_ASSET_SYMBOL_EXTENSIONS = YES;
				CLANG_ANALYZER_NONNULL = YES;
				CLANG_ANALYZER_NUMBER_OBJECT_CONVERSION = YES_AGGRESSIVE;
				CLANG_CXX_LANGUAGE_STANDARD = "gnu++20";
				CLANG_ENABLE_MODULES = YES;
				CLANG_ENABLE_OBJC_ARC = YES;
				CLANG_ENABLE_OBJC_WEAK = YES;
				CLANG_WARN_BLOCK_CAPTURE_AUTORELEASING = YES;
				CLANG_WARN_BOOL_CONVERSION = YES;
				CLANG_WARN_COMMA = YES;
				CLANG_WARN_CONSTANT_CONVERSION = YES;
				CLANG_WARN_DEPRECATED_OBJC_IMPLEMENTATIONS = YES;
				CLANG_WARN_DIRECT_OBJC_ISA_USAGE = YES_ERROR;
				CLANG_WARN_DOCUMENTATION_COMMENTS = YES;
				CLANG_WARN_EMPTY_BODY = YES;
				CLANG_WARN_ENUM_CONVERSION = YES;
				CLANG_WARN_INFINITE_RECURSION = YES;
				CLANG_WARN_INT_CONVERSION = YES;
				CLANG_WARN_NON_LITERAL_NULL_CONVERSION = YES;
				CLANG_WARN_OBJC_IMPLICIT_RETAIN_SELF = YES;
				CLANG_WARN_OBJC_LITERAL_CONVERSION = YES;
				CLANG_WARN_OBJC_ROOT_CLASS = YES_ERROR;
				CLANG_WARN_QUOTED_INCLUDE_IN_FRAMEWORK_HEADER = YES;
				CLANG_WARN_RANGE_LOOP_ANALYSIS = YES;
				CLANG_WARN_STRICT_PROTOTYPES = YES;
				CLANG_WARN_SUSPICIOUS_MOVE = YES;
				CLANG_WARN_UNGUARDED_AVAILABILITY = YES_AGGRESSIVE;
				CLANG_WARN_UNREACHABLE_CODE = YES;
				CLANG_WARN__DUPLICATE_METHOD_MATCH = YES;
				COPY_PHASE_STRIP = NO;
				DEBUG_INFORMATION_FORMAT = dwarf;
				DEVELOPMENT_TEAM = T3X4LD9H4Q;
				ENABLE_STRICT_OBJC_MSGSEND = YES;
				ENABLE_TESTABILITY = YES;
				ENABLE_USER_SCRIPT_SANDBOXING = YES;
				GCC_C_LANGUAGE_STANDARD = gnu17;
				GCC_DYNAMIC_NO_PIC = NO;
				GCC_NO_COMMON_BLOCKS = YES;
				GCC_OPTIMIZATION_LEVEL = 0;
				GCC_PREPROCESSOR_DEFINITIONS = (
					"DEBUG=1",
					"$(inherited)",
				);
				GCC_WARN_64_TO_32_BIT_CONVERSION = YES;
				GCC_WARN_ABOUT_RETURN_TYPE = YES_ERROR;
				GCC_WARN_UNDECLARED_SELECTOR = YES;
				GCC_WARN_UNINITIALIZED_AUTOS = YES_AGGRESSIVE;
				GCC_WARN_UNUSED_FUNCTION = YES;
				GCC_WARN_UNUSED_VARIABLE = YES;
				IPHONEOS_DEPLOYMENT_TARGET = 26.0;
				LOCALIZATION_PREFERS_STRING_CATALOGS = YES;
				MTL_ENABLE_DEBUG_INFO = INCLUDE_SOURCE;
				MTL_FAST_MATH = YES;
				ONLY_ACTIVE_ARCH = YES;
				SDKROOT = iphoneos;
				SWIFT_ACTIVE_COMPILATION_CONDITIONS = "DEBUG $(inherited)";
				SWIFT_OPTIMIZATION_LEVEL = "-Onone";
			};
			name = Debug;
		};
		1191FA252E934A3B00738217 /* Release */ = {
			isa = XCBuildConfiguration;
			buildSettings = {
				ALWAYS_SEARCH_USER_PATHS = NO;
				ASSETCATALOG_COMPILER_GENERATE_SWIFT_ASSET_SYMBOL_EXTENSIONS = YES;
				CLANG_ANALYZER_NONNULL = YES;
				CLANG_ANALYZER_NUMBER_OBJECT_CONVERSION = YES_AGGRESSIVE;
				CLANG_CXX_LANGUAGE_STANDARD = "gnu++20";
				CLANG_ENABLE_MODULES = YES;
				CLANG_ENABLE_OBJC_ARC = YES;
				CLANG_ENABLE_OBJC_WEAK = YES;
				CLANG_WARN_BLOCK_CAPTURE_AUTORELEASING = YES;
				CLANG_WARN_BOOL_CONVERSION = YES;
				CLANG_WARN_COMMA = YES;
				CLANG_WARN_CONSTANT_CONVERSION = YES;
				CLANG_WARN_DEPRECATED_OBJC_IMPLEMENTATIONS = YES;
				CLANG_WARN_DIRECT_OBJC_ISA_USAGE = YES_ERROR;
				CLANG_WARN_DOCUMENTATION_COMMENTS = YES;
				CLANG_WARN_EMPTY_BODY = YES;
				CLANG_WARN_ENUM_CONVERSION = YES;
				CLANG_WARN_INFINITE_RECURSION = YES;
				CLANG_WARN_INT_CONVERSION = YES;
				CLANG_WARN_NON_LITERAL_NULL_CONVERSION = YES;
				CLANG_WARN_OBJC_IMPLICIT_RETAIN_SELF = YES;
				CLANG_WARN_OBJC_LITERAL_CONVERSION = YES;
				CLANG_WARN_OBJC_ROOT_CLASS = YES_ERROR;
				CLANG_WARN_QUOTED_INCLUDE_IN_FRAMEWORK_HEADER = YES;
				CLANG_WARN_RANGE_LOOP_ANALYSIS = YES;
				CLANG_WARN_STRICT_PROTOTYPES = YES;
				CLANG_WARN_SUSPICIOUS_MOVE = YES;
				CLANG_WARN_UNGUARDED_AVAILABILITY = YES_AGGRESSIVE;
				CLANG_WARN_UNREACHABLE_CODE = YES;
				CLANG_WARN__DUPLICATE_METHOD_MATCH = YES;
				COPY_PHASE_STRIP = NO;
				DEBUG_INFORMATION_FORMAT = "dwarf-with-dsym";
				DEVELOPMENT_TEAM = T3X4LD9H4Q;
				ENABLE_NS_ASSERTIONS = NO;
				ENABLE_STRICT_OBJC_MSGSEND = YES;
				ENABLE_USER_SCRIPT_SANDBOXING = YES;
				GCC_C_LANGUAGE_STANDARD = gnu17;
				GCC_NO_COMMON_BLOCKS = YES;
				GCC_WARN_64_TO_32_BIT_CONVERSION = YES;
				GCC_WARN_ABOUT_RETURN_TYPE = YES_ERROR;
				GCC_WARN_UNDECLARED_SELECTOR = YES;
				GCC_WARN_UNINITIALIZED_AUTOS = YES_AGGRESSIVE;
				GCC_WARN_UNUSED_FUNCTION = YES;
				GCC_WARN_UNUSED_VARIABLE = YES;
				IPHONEOS_DEPLOYMENT_TARGET = 26.0;
				LOCALIZATION_PREFERS_STRING_CATALOGS = YES;
				MTL_ENABLE_DEBUG_INFO = NO;
				MTL_FAST_MATH = YES;
				SDKROOT = iphoneos;
				SWIFT_COMPILATION_MODE = wholemodule;
				VALIDATE_PRODUCT = YES;
			};
			name = Release;
		};
		1191FA272E934A3B00738217 /* Debug */ = {
			isa = XCBuildConfiguration;
			buildSettings = {
				ASSETCATALOG_COMPILER_APPICON_NAME = AppIcon;
				ASSETCATALOG_COMPILER_GLOBAL_ACCENT_COLOR_NAME = AccentColor;
				CODE_SIGN_ENTITLEMENTS = VibeRSS_Test/VibeRSS_Test.entitlements;
				CODE_SIGN_STYLE = Automatic;
				CURRENT_PROJECT_VERSION = 4;
				DEVELOPMENT_TEAM = T3X4LD9H4Q;
				ENABLE_PREVIEWS = YES;
				GENERATE_INFOPLIST_FILE = YES;
				INFOPLIST_FILE = Info.plist;
				INFOPLIST_KEY_CFBundleDisplayName = TodayRSS;
				INFOPLIST_KEY_UIApplicationSceneManifest_Generation = YES;
				INFOPLIST_KEY_UIApplicationSupportsIndirectInputEvents = YES;
				INFOPLIST_KEY_UILaunchScreen_Generation = YES;
				INFOPLIST_KEY_UISupportedInterfaceOrientations_iPad = "UIInterfaceOrientationPortrait UIInterfaceOrientationPortraitUpsideDown UIInterfaceOrientationLandscapeLeft UIInterfaceOrientationLandscapeRight";
				INFOPLIST_KEY_UISupportedInterfaceOrientations_iPhone = "UIInterfaceOrientationPortrait UIInterfaceOrientationLandscapeLeft UIInterfaceOrientationLandscapeRight";
				LD_RUNPATH_SEARCH_PATHS = (
					"$(inherited)",
					"@executable_path/Frameworks",
				);
				MARKETING_VERSION = 1.0;
				PRODUCT_BUNDLE_IDENTIFIER = IDKN.TodayRSS;
				PRODUCT_NAME = "$(TARGET_NAME)";
				STRING_CATALOG_GENERATE_SYMBOLS = YES;
				SWIFT_APPROACHABLE_CONCURRENCY = YES;
				SWIFT_DEFAULT_ACTOR_ISOLATION = MainActor;
				SWIFT_EMIT_LOC_STRINGS = YES;
				SWIFT_UPCOMING_FEATURE_MEMBER_IMPORT_VISIBILITY = YES;
				SWIFT_VERSION = 5.0;
				TARGETED_DEVICE_FAMILY = "1,2";
			};
			name = Debug;
		};
		1191FA282E934A3B00738217 /* Release */ = {
			isa = XCBuildConfiguration;
			buildSettings = {
				ASSETCATALOG_COMPILER_APPICON_NAME = AppIcon;
				ASSETCATALOG_COMPILER_GLOBAL_ACCENT_COLOR_NAME = AccentColor;
				CODE_SIGN_ENTITLEMENTS = VibeRSS_Test/VibeRSS_Test.entitlements;
				CODE_SIGN_STYLE = Automatic;
				CURRENT_PROJECT_VERSION = 4;
				DEVELOPMENT_TEAM = T3X4LD9H4Q;
				ENABLE_PREVIEWS = YES;
				GENERATE_INFOPLIST_FILE = YES;
				INFOPLIST_FILE = Info.plist;
				INFOPLIST_KEY_CFBundleDisplayName = TodayRSS;
				INFOPLIST_KEY_UIApplicationSceneManifest_Generation = YES;
				INFOPLIST_KEY_UIApplicationSupportsIndirectInputEvents = YES;
				INFOPLIST_KEY_UILaunchScreen_Generation = YES;
				INFOPLIST_KEY_UISupportedInterfaceOrientations_iPad = "UIInterfaceOrientationPortrait UIInterfaceOrientationPortraitUpsideDown UIInterfaceOrientationLandscapeLeft UIInterfaceOrientationLandscapeRight";
				INFOPLIST_KEY_UISupportedInterfaceOrientations_iPhone = "UIInterfaceOrientationPortrait UIInterfaceOrientationLandscapeLeft UIInterfaceOrientationLandscapeRight";
				LD_RUNPATH_SEARCH_PATHS = (
					"$(inherited)",
					"@executable_path/Frameworks",
				);
				MARKETING_VERSION = 1.0;
				"MARKETING_VERSION[sdk=*]" = 1.0;
				PRODUCT_BUNDLE_IDENTIFIER = IDKN.TodayRSS;
				PRODUCT_NAME = "$(TARGET_NAME)";
				STRING_CATALOG_GENERATE_SYMBOLS = YES;
				SWIFT_APPROACHABLE_CONCURRENCY = YES;
				SWIFT_DEFAULT_ACTOR_ISOLATION = MainActor;
				SWIFT_EMIT_LOC_STRINGS = YES;
				SWIFT_UPCOMING_FEATURE_MEMBER_IMPORT_VISIBILITY = YES;
				SWIFT_VERSION = 5.0;
				TARGETED_DEVICE_FAMILY = "1,2";
			};
			name = Release;
		};
		1191FA2A2E934A3B00738217 /* Debug */ = {
			isa = XCBuildConfiguration;
			buildSettings = {
				BUNDLE_LOADER = "$(TEST_HOST)";
				CODE_SIGN_STYLE = Automatic;
				CURRENT_PROJECT_VERSION = 1;
				DEVELOPMENT_TEAM = T3X4LD9H4Q;
				GENERATE_INFOPLIST_FILE = YES;
				IPHONEOS_DEPLOYMENT_TARGET = 26.0;
				MARKETING_VERSION = 1.0;
				PRODUCT_BUNDLE_IDENTIFIER = IDKN.TodayRSSTests;
				PRODUCT_NAME = "$(TARGET_NAME)";
				STRING_CATALOG_GENERATE_SYMBOLS = NO;
				SWIFT_APPROACHABLE_CONCURRENCY = YES;
				SWIFT_EMIT_LOC_STRINGS = NO;
				SWIFT_UPCOMING_FEATURE_MEMBER_IMPORT_VISIBILITY = YES;
				SWIFT_VERSION = 5.0;
				TARGETED_DEVICE_FAMILY = "1,2";
				TEST_HOST = "$(BUILT_PRODUCTS_DIR)/VibeRSS_Test.app/$(BUNDLE_EXECUTABLE_FOLDER_PATH)/VibeRSS_Test";
			};
			name = Debug;
		};
		1191FA2B2E934A3B00738217 /* Release */ = {
			isa = XCBuildConfiguration;
			buildSettings = {
				BUNDLE_LOADER = "$(TEST_HOST)";
				CODE_SIGN_STYLE = Automatic;
				CURRENT_PROJECT_VERSION = 1;
				DEVELOPMENT_TEAM = T3X4LD9H4Q;
				GENERATE_INFOPLIST_FILE = YES;
				IPHONEOS_DEPLOYMENT_TARGET = 26.0;
				MARKETING_VERSION = 1.0;
				PRODUCT_BUNDLE_IDENTIFIER = IDKN.TodayRSSTests;
				PRODUCT_NAME = "$(TARGET_NAME)";
				STRING_CATALOG_GENERATE_SYMBOLS = NO;
				SWIFT_APPROACHABLE_CONCURRENCY = YES;
				SWIFT_EMIT_LOC_STRINGS = NO;
				SWIFT_UPCOMING_FEATURE_MEMBER_IMPORT_VISIBILITY = YES;
				SWIFT_VERSION = 5.0;
				TARGETED_DEVICE_FAMILY = "1,2";
				TEST_HOST = "$(BUILT_PRODUCTS_DIR)/VibeRSS_Test.app/$(BUNDLE_EXECUTABLE_FOLDER_PATH)/VibeRSS_Test";
			};
			name = Release;
		};
		1191FA2D2E934A3B00738217 /* Debug */ = {
			isa = XCBuildConfiguration;
			buildSettings = {
				CODE_SIGN_STYLE = Automatic;
				CURRENT_PROJECT_VERSION = 1;
				DEVELOPMENT_TEAM = T3X4LD9H4Q;
				GENERATE_INFOPLIST_FILE = YES;
				MARKETING_VERSION = 1.0;
				PRODUCT_BUNDLE_IDENTIFIER = IDKN.TodayRSSUITests;
				PRODUCT_NAME = "$(TARGET_NAME)";
				STRING_CATALOG_GENERATE_SYMBOLS = NO;
				SWIFT_APPROACHABLE_CONCURRENCY = YES;
				SWIFT_EMIT_LOC_STRINGS = NO;
				SWIFT_UPCOMING_FEATURE_MEMBER_IMPORT_VISIBILITY = YES;
				SWIFT_VERSION = 5.0;
				TARGETED_DEVICE_FAMILY = "1,2";
				TEST_TARGET_NAME = VibeRSS_Test;
			};
			name = Debug;
		};
		1191FA2E2E934A3B00738217 /* Release */ = {
			isa = XCBuildConfiguration;
			buildSettings = {
				CODE_SIGN_STYLE = Automatic;
				CURRENT_PROJECT_VERSION = 1;
				DEVELOPMENT_TEAM = T3X4LD9H4Q;
				GENERATE_INFOPLIST_FILE = YES;
				MARKETING_VERSION = 1.0;
				PRODUCT_BUNDLE_IDENTIFIER = IDKN.TodayRSSUITests;
				PRODUCT_NAME = "$(TARGET_NAME)";
				STRING_CATALOG_GENERATE_SYMBOLS = NO;
				SWIFT_APPROACHABLE_CONCURRENCY = YES;
				SWIFT_EMIT_LOC_STRINGS = NO;
				SWIFT_UPCOMING_FEATURE_MEMBER_IMPORT_VISIBILITY = YES;
				SWIFT_VERSION = 5.0;
				TARGETED_DEVICE_FAMILY = "1,2";
				TEST_TARGET_NAME = VibeRSS_Test;
			};
			name = Release;
		};
		WIDGET00D000000000000001 /* Debug */ = {
			isa = XCBuildConfiguration;
			buildSettings = {
				ASSETCATALOG_COMPILER_GLOBAL_ACCENT_COLOR_NAME = AccentColor;
				ASSETCATALOG_COMPILER_WIDGET_BACKGROUND_COLOR_NAME = WidgetBackground;
				CODE_SIGN_ENTITLEMENTS = TodayRSSWidget/TodayRSSWidget.entitlements;
				CODE_SIGN_STYLE = Automatic;
				CURRENT_PROJECT_VERSION = 1;
				DEVELOPMENT_TEAM = T3X4LD9H4Q;
				GENERATE_INFOPLIST_FILE = YES;
				INFOPLIST_FILE = TodayRSSWidget/Info.plist;
				INFOPLIST_KEY_CFBundleDisplayName = TodayRSSWidget;
				INFOPLIST_KEY_NSHumanReadableCopyright = "";
				LD_RUNPATH_SEARCH_PATHS = (
					"$(inherited)",
					"@executable_path/Frameworks",
					"@executable_path/../../Frameworks",
				);
				MARKETING_VERSION = 1.0;
				PRODUCT_BUNDLE_IDENTIFIER = IDKN.TodayRSS.TodayRSSWidget;
				PRODUCT_NAME = "$(TARGET_NAME)";
				SKIP_INSTALL = YES;
				SWIFT_APPROACHABLE_CONCURRENCY = YES;
				SWIFT_DEFAULT_ACTOR_ISOLATION = MainActor;
				SWIFT_EMIT_LOC_STRINGS = YES;
				SWIFT_UPCOMING_FEATURE_MEMBER_IMPORT_VISIBILITY = YES;
				SWIFT_VERSION = 5.0;
				TARGETED_DEVICE_FAMILY = "1,2";
			};
			name = Debug;
		};
		WIDGET00E000000000000001 /* Release */ = {
			isa = XCBuildConfiguration;
			buildSettings = {
				ASSETCATALOG_COMPILER_GLOBAL_ACCENT_COLOR_NAME = AccentColor;
				ASSETCATALOG_COMPILER_WIDGET_BACKGROUND_COLOR_NAME = WidgetBackground;
				CODE_SIGN_ENTITLEMENTS = TodayRSSWidgetExtensionRelease.entitlements;
				CODE_SIGN_STYLE = Automatic;
				CURRENT_PROJECT_VERSION = 1;
				DEVELOPMENT_TEAM = T3X4LD9H4Q;
				GENERATE_INFOPLIST_FILE = YES;
				INFOPLIST_FILE = TodayRSSWidget/Info.plist;
				INFOPLIST_KEY_CFBundleDisplayName = TodayRSSWidget;
				INFOPLIST_KEY_NSHumanReadableCopyright = "";
				LD_RUNPATH_SEARCH_PATHS = (
					"$(inherited)",
					"@executable_path/Frameworks",
					"@executable_path/../../Frameworks",
				);
				MARKETING_VERSION = 1.0;
				PRODUCT_BUNDLE_IDENTIFIER = IDKN.TodayRSS.TodayRSSWidget;
				PRODUCT_NAME = "$(TARGET_NAME)";
				SKIP_INSTALL = YES;
				SWIFT_APPROACHABLE_CONCURRENCY = YES;
				SWIFT_DEFAULT_ACTOR_ISOLATION = MainActor;
				SWIFT_EMIT_LOC_STRINGS = YES;
				SWIFT_UPCOMING_FEATURE_MEMBER_IMPORT_VISIBILITY = YES;
				SWIFT_VERSION = 5.0;
				TARGETED_DEVICE_FAMILY = "1,2";
			};
			name = Release;
		};
/* End XCBuildConfiguration section */

/* Begin XCConfigurationList section */
		1191F9FE2E934A3900738217 /* Build configuration list for PBXProject "VibeRSS_Test" */ = {
			isa = XCConfigurationList;
			buildConfigurations = (
				1191FA242E934A3B00738217 /* Debug */,
				1191FA252E934A3B00738217 /* Release */,
			);
			defaultConfigurationIsVisible = 0;
			defaultConfigurationName = Release;
		};
		1191FA262E934A3B00738217 /* Build configuration list for PBXNativeTarget "VibeRSS_Test" */ = {
			isa = XCConfigurationList;
			buildConfigurations = (
				1191FA272E934A3B00738217 /* Debug */,
				1191FA282E934A3B00738217 /* Release */,
			);
			defaultConfigurationIsVisible = 0;
			defaultConfigurationName = Release;
		};
		1191FA292E934A3B00738217 /* Build configuration list for PBXNativeTarget "VibeRSS_TestTests" */ = {
			isa = XCConfigurationList;
			buildConfigurations = (
				1191FA2A2E934A3B00738217 /* Debug */,
				1191FA2B2E934A3B00738217 /* Release */,
			);
			defaultConfigurationIsVisible = 0;
			defaultConfigurationName = Release;
		};
		1191FA2C2E934A3B00738217 /* Build configuration list for PBXNativeTarget "VibeRSS_TestUITests" */ = {
			isa = XCConfigurationList;
			buildConfigurations = (
				1191FA2D2E934A3B00738217 /* Debug */,
				1191FA2E2E934A3B00738217 /* Release */,
			);
			defaultConfigurationIsVisible = 0;
			defaultConfigurationName = Release;
		};
		WIDGET00A000000000000001 /* Build configuration list for PBXNativeTarget "TodayRSSWidgetExtension" */ = {
			isa = XCConfigurationList;
			buildConfigurations = (
				WIDGET00D000000000000001 /* Debug */,
				WIDGET00E000000000000001 /* Release */,
			);
			defaultConfigurationIsVisible = 0;
			defaultConfigurationName = Release;
		};
/* End XCConfigurationList section */
	};
	rootObject = 1191F9FB2E934A3900738217 /* Project object */;
}
